// !$*UTF8*$!
{
	archiveVersion = 1;
	classes = {
	};
	objectVersion = 48;
	objects = {

/* Begin PBXBuildFile section */
		210B7E8D7C0C7E1284DE0969 /* Pods_PreCameraEffectTests.framework in Frameworks */ = {isa = PBXBuildFile; fileRef = 868DAAFCB16EF201CA1F9388 /* Pods_PreCameraEffectTests.framework */; };
		21A45E4D200850A9008FA226 /* AppDelegate.swift in Sources */ = {isa = PBXBuildFile; fileRef = 21A45E4C200850A9008FA226 /* AppDelegate.swift */; };
		21A45E4F200850A9008FA226 /* ViewController.swift in Sources */ = {isa = PBXBuildFile; fileRef = 21A45E4E200850A9008FA226 /* ViewController.swift */; };
		21A45E52200850A9008FA226 /* Main.storyboard in Resources */ = {isa = PBXBuildFile; fileRef = 21A45E50200850A9008FA226 /* Main.storyboard */; };
		21A45E54200850A9008FA226 /* Assets.xcassets in Resources */ = {isa = PBXBuildFile; fileRef = 21A45E53200850A9008FA226 /* Assets.xcassets */; };
		21A45E57200850A9008FA226 /* LaunchScreen.storyboard in Resources */ = {isa = PBXBuildFile; fileRef = 21A45E55200850A9008FA226 /* LaunchScreen.storyboard */; };
		21A45E62200850A9008FA226 /* PreCameraEffectTests.swift in Sources */ = {isa = PBXBuildFile; fileRef = 21A45E61200850A9008FA226 /* PreCameraEffectTests.swift */; };
		21A45E6D200850A9008FA226 /* PreCameraEffectUITests.swift in Sources */ = {isa = PBXBuildFile; fileRef = 21A45E6C200850A9008FA226 /* PreCameraEffectUITests.swift */; };
		5307BBC4E433898EFBCA35B5 /* Pods_PreCameraEffectUITests.framework in Frameworks */ = {isa = PBXBuildFile; fileRef = CC0B097C165C530C5AFD1889 /* Pods_PreCameraEffectUITests.framework */; };
		97A6E8EC64BAD2496A131605 /* Pods_PreCameraEffect.framework in Frameworks */ = {isa = PBXBuildFile; fileRef = C9FBF91D246D52A02E55AF57 /* Pods_PreCameraEffect.framework */; };
/* End PBXBuildFile section */

/* Begin PBXContainerItemProxy section */
		21A45E5E200850A9008FA226 /* PBXContainerItemProxy */ = {
			isa = PBXContainerItemProxy;
			containerPortal = 21A45E41200850A9008FA226 /* Project object */;
			proxyType = 1;
			remoteGlobalIDString = 21A45E48200850A9008FA226;
			remoteInfo = PreCameraEffect;
		};
		21A45E69200850A9008FA226 /* PBXContainerItemProxy */ = {
			isa = PBXContainerItemProxy;
			containerPortal = 21A45E41200850A9008FA226 /* Project object */;
			proxyType = 1;
			remoteGlobalIDString = 21A45E48200850A9008FA226;
			remoteInfo = PreCameraEffect;
		};
/* End PBXContainerItemProxy section */

/* Begin PBXFileReference section */
		09ED5212EA8F89D7DCACDD57 /* Pods-PreCameraEffectTests.debug.xcconfig */ = {isa = PBXFileReference; includeInIndex = 1; lastKnownFileType = text.xcconfig; name = "Pods-PreCameraEffectTests.debug.xcconfig"; path = "Pods/Target Support Files/Pods-PreCameraEffectTests/Pods-PreCameraEffectTests.debug.xcconfig"; sourceTree = "<group>"; };
		21A45E49200850A9008FA226 /* PreCameraEffect.app */ = {isa = PBXFileReference; explicitFileType = wrapper.application; includeInIndex = 0; path = PreCameraEffect.app; sourceTree = BUILT_PRODUCTS_DIR; };
		21A45E4C200850A9008FA226 /* AppDelegate.swift */ = {isa = PBXFileReference; lastKnownFileType = sourcecode.swift; path = AppDelegate.swift; sourceTree = "<group>"; };
		21A45E4E200850A9008FA226 /* ViewController.swift */ = {isa = PBXFileReference; lastKnownFileType = sourcecode.swift; path = ViewController.swift; sourceTree = "<group>"; };
		21A45E51200850A9008FA226 /* Base */ = {isa = PBXFileReference; lastKnownFileType = file.storyboard; name = Base; path = Base.lproj/Main.storyboard; sourceTree = "<group>"; };
		21A45E53200850A9008FA226 /* Assets.xcassets */ = {isa = PBXFileReference; lastKnownFileType = folder.assetcatalog; path = Assets.xcassets; sourceTree = "<group>"; };
		21A45E56200850A9008FA226 /* Base */ = {isa = PBXFileReference; lastKnownFileType = file.storyboard; name = Base; path = Base.lproj/LaunchScreen.storyboard; sourceTree = "<group>"; };
		21A45E58200850A9008FA226 /* Info.plist */ = {isa = PBXFileReference; lastKnownFileType = text.plist.xml; path = Info.plist; sourceTree = "<group>"; };
		21A45E5D200850A9008FA226 /* PreCameraEffectTests.xctest */ = {isa = PBXFileReference; explicitFileType = wrapper.cfbundle; includeInIndex = 0; path = PreCameraEffectTests.xctest; sourceTree = BUILT_PRODUCTS_DIR; };
		21A45E61200850A9008FA226 /* PreCameraEffectTests.swift */ = {isa = PBXFileReference; lastKnownFileType = sourcecode.swift; path = PreCameraEffectTests.swift; sourceTree = "<group>"; };
		21A45E63200850A9008FA226 /* Info.plist */ = {isa = PBXFileReference; lastKnownFileType = text.plist.xml; path = Info.plist; sourceTree = "<group>"; };
		21A45E68200850A9008FA226 /* PreCameraEffectUITests.xctest */ = {isa = PBXFileReference; explicitFileType = wrapper.cfbundle; includeInIndex = 0; path = PreCameraEffectUITests.xctest; sourceTree = BUILT_PRODUCTS_DIR; };
		21A45E6C200850A9008FA226 /* PreCameraEffectUITests.swift */ = {isa = PBXFileReference; lastKnownFileType = sourcecode.swift; path = PreCameraEffectUITests.swift; sourceTree = "<group>"; };
		21A45E6E200850A9008FA226 /* Info.plist */ = {isa = PBXFileReference; lastKnownFileType = text.plist.xml; path = Info.plist; sourceTree = "<group>"; };
		49469ACA38CD47CF4857FAC3 /* Pods-PreCameraEffectUITests.release.xcconfig */ = {isa = PBXFileReference; includeInIndex = 1; lastKnownFileType = text.xcconfig; name = "Pods-PreCameraEffectUITests.release.xcconfig"; path = "Pods/Target Support Files/Pods-PreCameraEffectUITests/Pods-PreCameraEffectUITests.release.xcconfig"; sourceTree = "<group>"; };
		645B84A41A27F5ED38B583C2 /* Pods-PreCameraEffectTests.release.xcconfig */ = {isa = PBXFileReference; includeInIndex = 1; lastKnownFileType = text.xcconfig; name = "Pods-PreCameraEffectTests.release.xcconfig"; path = "Pods/Target Support Files/Pods-PreCameraEffectTests/Pods-PreCameraEffectTests.release.xcconfig"; sourceTree = "<group>"; };
		66A64064712D7FAA208BA43A /* Pods-PreCameraEffect.release.xcconfig */ = {isa = PBXFileReference; includeInIndex = 1; lastKnownFileType = text.xcconfig; name = "Pods-PreCameraEffect.release.xcconfig"; path = "Pods/Target Support Files/Pods-PreCameraEffect/Pods-PreCameraEffect.release.xcconfig"; sourceTree = "<group>"; };
		6918E084EEFD455A5DAE3ABB /* Pods-PreCameraEffectUITests.debug.xcconfig */ = {isa = PBXFileReference; includeInIndex = 1; lastKnownFileType = text.xcconfig; name = "Pods-PreCameraEffectUITests.debug.xcconfig"; path = "Pods/Target Support Files/Pods-PreCameraEffectUITests/Pods-PreCameraEffectUITests.debug.xcconfig"; sourceTree = "<group>"; };
		868DAAFCB16EF201CA1F9388 /* Pods_PreCameraEffectTests.framework */ = {isa = PBXFileReference; explicitFileType = wrapper.framework; includeInIndex = 0; path = Pods_PreCameraEffectTests.framework; sourceTree = BUILT_PRODUCTS_DIR; };
		94F67D52866CC899B30A707A /* Pods-PreCameraEffect.debug.xcconfig */ = {isa = PBXFileReference; includeInIndex = 1; lastKnownFileType = text.xcconfig; name = "Pods-PreCameraEffect.debug.xcconfig"; path = "Pods/Target Support Files/Pods-PreCameraEffect/Pods-PreCameraEffect.debug.xcconfig"; sourceTree = "<group>"; };
		C9FBF91D246D52A02E55AF57 /* Pods_PreCameraEffect.framework */ = {isa = PBXFileReference; explicitFileType = wrapper.framework; includeInIndex = 0; path = Pods_PreCameraEffect.framework; sourceTree = BUILT_PRODUCTS_DIR; };
		CC0B097C165C530C5AFD1889 /* Pods_PreCameraEffectUITests.framework */ = {isa = PBXFileReference; explicitFileType = wrapper.framework; includeInIndex = 0; path = Pods_PreCameraEffectUITests.framework; sourceTree = BUILT_PRODUCTS_DIR; };
/* End PBXFileReference section */

/* Begin PBXFrameworksBuildPhase section */
		21A45E46200850A9008FA226 /* Frameworks */ = {
			isa = PBXFrameworksBuildPhase;
			buildActionMask = 2147483647;
			files = (
				97A6E8EC64BAD2496A131605 /* Pods_PreCameraEffect.framework in Frameworks */,
			);
			runOnlyForDeploymentPostprocessing = 0;
		};
		21A45E5A200850A9008FA226 /* Frameworks */ = {
			isa = PBXFrameworksBuildPhase;
			buildActionMask = 2147483647;
			files = (
				210B7E8D7C0C7E1284DE0969 /* Pods_PreCameraEffectTests.framework in Frameworks */,
			);
			runOnlyForDeploymentPostprocessing = 0;
		};
		21A45E65200850A9008FA226 /* Frameworks */ = {
			isa = PBXFrameworksBuildPhase;
			buildActionMask = 2147483647;
			files = (
				5307BBC4E433898EFBCA35B5 /* Pods_PreCameraEffectUITests.framework in Frameworks */,
			);
			runOnlyForDeploymentPostprocessing = 0;
		};
/* End PBXFrameworksBuildPhase section */

/* Begin PBXGroup section */
		20655733F9A7C37D70FFD5C5 /* Pods */ = {
			isa = PBXGroup;
			children = (
				94F67D52866CC899B30A707A /* Pods-PreCameraEffect.debug.xcconfig */,
				66A64064712D7FAA208BA43A /* Pods-PreCameraEffect.release.xcconfig */,
				09ED5212EA8F89D7DCACDD57 /* Pods-PreCameraEffectTests.debug.xcconfig */,
				645B84A41A27F5ED38B583C2 /* Pods-PreCameraEffectTests.release.xcconfig */,
				6918E084EEFD455A5DAE3ABB /* Pods-PreCameraEffectUITests.debug.xcconfig */,
				49469ACA38CD47CF4857FAC3 /* Pods-PreCameraEffectUITests.release.xcconfig */,
			);
			name = Pods;
			sourceTree = "<group>";
		};
		21A45E40200850A9008FA226 = {
			isa = PBXGroup;
			children = (
				21A45E4B200850A9008FA226 /* PreCameraEffect */,
				21A45E60200850A9008FA226 /* PreCameraEffectTests */,
				21A45E6B200850A9008FA226 /* PreCameraEffectUITests */,
				21A45E4A200850A9008FA226 /* Products */,
				20655733F9A7C37D70FFD5C5 /* Pods */,
				6E9CEE9AFC28B3B7E2E1B957 /* Frameworks */,
			);
			sourceTree = "<group>";
		};
		21A45E4A200850A9008FA226 /* Products */ = {
			isa = PBXGroup;
			children = (
				21A45E49200850A9008FA226 /* PreCameraEffect.app */,
				21A45E5D200850A9008FA226 /* PreCameraEffectTests.xctest */,
				21A45E68200850A9008FA226 /* PreCameraEffectUITests.xctest */,
			);
			name = Products;
			sourceTree = "<group>";
		};
		21A45E4B200850A9008FA226 /* PreCameraEffect */ = {
			isa = PBXGroup;
			children = (
				21A45E4C200850A9008FA226 /* AppDelegate.swift */,
				21A45E4E200850A9008FA226 /* ViewController.swift */,
				21A45E50200850A9008FA226 /* Main.storyboard */,
				21A45E53200850A9008FA226 /* Assets.xcassets */,
				21A45E55200850A9008FA226 /* LaunchScreen.storyboard */,
				21A45E58200850A9008FA226 /* Info.plist */,
			);
			path = PreCameraEffect;
			sourceTree = "<group>";
		};
		21A45E60200850A9008FA226 /* PreCameraEffectTests */ = {
			isa = PBXGroup;
			children = (
				21A45E61200850A9008FA226 /* PreCameraEffectTests.swift */,
				21A45E63200850A9008FA226 /* Info.plist */,
			);
			path = PreCameraEffectTests;
			sourceTree = "<group>";
		};
		21A45E6B200850A9008FA226 /* PreCameraEffectUITests */ = {
			isa = PBXGroup;
			children = (
				21A45E6C200850A9008FA226 /* PreCameraEffectUITests.swift */,
				21A45E6E200850A9008FA226 /* Info.plist */,
			);
			path = PreCameraEffectUITests;
			sourceTree = "<group>";
		};
		6E9CEE9AFC28B3B7E2E1B957 /* Frameworks */ = {
			isa = PBXGroup;
			children = (
				C9FBF91D246D52A02E55AF57 /* Pods_PreCameraEffect.framework */,
				868DAAFCB16EF201CA1F9388 /* Pods_PreCameraEffectTests.framework */,
				CC0B097C165C530C5AFD1889 /* Pods_PreCameraEffectUITests.framework */,
			);
			name = Frameworks;
			sourceTree = "<group>";
		};
/* End PBXGroup section */

/* Begin PBXNativeTarget section */
		21A45E48200850A9008FA226 /* PreCameraEffect */ = {
			isa = PBXNativeTarget;
			buildConfigurationList = 21A45E71200850A9008FA226 /* Build configuration list for PBXNativeTarget "PreCameraEffect" */;
			buildPhases = (
				99E1EA09FC1D3812F87D266C /* [CP] Check Pods Manifest.lock */,
				21A45E45200850A9008FA226 /* Sources */,
				21A45E46200850A9008FA226 /* Frameworks */,
				21A45E47200850A9008FA226 /* Resources */,
				9EF3FC8CB6675C78BC1D8201 /* [CP] Embed Pods Frameworks */,
				CDB076DCC966F895A77FCC70 /* [CP] Copy Pods Resources */,
			);
			buildRules = (
			);
			dependencies = (
			);
			name = PreCameraEffect;
			productName = PreCameraEffect;
			productReference = 21A45E49200850A9008FA226 /* PreCameraEffect.app */;
			productType = "com.apple.product-type.application";
		};
		21A45E5C200850A9008FA226 /* PreCameraEffectTests */ = {
			isa = PBXNativeTarget;
			buildConfigurationList = 21A45E74200850A9008FA226 /* Build configuration list for PBXNativeTarget "PreCameraEffectTests" */;
			buildPhases = (
				8BE2B5C09FBF3B07B29CAD2F /* [CP] Check Pods Manifest.lock */,
				21A45E59200850A9008FA226 /* Sources */,
				21A45E5A200850A9008FA226 /* Frameworks */,
				21A45E5B200850A9008FA226 /* Resources */,
				CCC3221BDC9B353DA289E41C /* [CP] Embed Pods Frameworks */,
				FE0DE22E6014A8219F708C3E /* [CP] Copy Pods Resources */,
			);
			buildRules = (
			);
			dependencies = (
				21A45E5F200850A9008FA226 /* PBXTargetDependency */,
			);
			name = PreCameraEffectTests;
			productName = PreCameraEffectTests;
			productReference = 21A45E5D200850A9008FA226 /* PreCameraEffectTests.xctest */;
			productType = "com.apple.product-type.bundle.unit-test";
		};
		21A45E67200850A9008FA226 /* PreCameraEffectUITests */ = {
			isa = PBXNativeTarget;
			buildConfigurationList = 21A45E77200850A9008FA226 /* Build configuration list for PBXNativeTarget "PreCameraEffectUITests" */;
			buildPhases = (
				BDAB2DAD7063B45E48174A97 /* [CP] Check Pods Manifest.lock */,
				21A45E64200850A9008FA226 /* Sources */,
				21A45E65200850A9008FA226 /* Frameworks */,
				21A45E66200850A9008FA226 /* Resources */,
				2B1CCAB79773F2B40F43452E /* [CP] Embed Pods Frameworks */,
				DEBCFD30ACE2A21F09A46FC4 /* [CP] Copy Pods Resources */,
			);
			buildRules = (
			);
			dependencies = (
				21A45E6A200850A9008FA226 /* PBXTargetDependency */,
			);
			name = PreCameraEffectUITests;
			productName = PreCameraEffectUITests;
			productReference = 21A45E68200850A9008FA226 /* PreCameraEffectUITests.xctest */;
			productType = "com.apple.product-type.bundle.ui-testing";
		};
/* End PBXNativeTarget section */

/* Begin PBXProject section */
		21A45E41200850A9008FA226 /* Project object */ = {
			isa = PBXProject;
			attributes = {
				LastSwiftUpdateCheck = 0920;
				LastUpgradeCheck = 0920;
				ORGANIZATIONNAME = sano;
				TargetAttributes = {
					21A45E48200850A9008FA226 = {
						CreatedOnToolsVersion = 9.2;
						ProvisioningStyle = Automatic;
					};
					21A45E5C200850A9008FA226 = {
						CreatedOnToolsVersion = 9.2;
						ProvisioningStyle = Automatic;
						TestTargetID = 21A45E48200850A9008FA226;
					};
					21A45E67200850A9008FA226 = {
						CreatedOnToolsVersion = 9.2;
						ProvisioningStyle = Automatic;
						TestTargetID = 21A45E48200850A9008FA226;
					};
				};
			};
			buildConfigurationList = 21A45E44200850A9008FA226 /* Build configuration list for PBXProject "PreCameraEffect" */;
			compatibilityVersion = "Xcode 8.0";
			developmentRegion = en;
			hasScannedForEncodings = 0;
			knownRegions = (
				en,
				Base,
			);
			mainGroup = 21A45E40200850A9008FA226;
			productRefGroup = 21A45E4A200850A9008FA226 /* Products */;
			projectDirPath = "";
			projectRoot = "";
			targets = (
				21A45E48200850A9008FA226 /* PreCameraEffect */,
				21A45E5C200850A9008FA226 /* PreCameraEffectTests */,
				21A45E67200850A9008FA226 /* PreCameraEffectUITests */,
			);
		};
/* End PBXProject section */

/* Begin PBXResourcesBuildPhase section */
		21A45E47200850A9008FA226 /* Resources */ = {
			isa = PBXResourcesBuildPhase;
			buildActionMask = 2147483647;
			files = (
				21A45E57200850A9008FA226 /* LaunchScreen.storyboard in Resources */,
				21A45E54200850A9008FA226 /* Assets.xcassets in Resources */,
				21A45E52200850A9008FA226 /* Main.storyboard in Resources */,
			);
			runOnlyForDeploymentPostprocessing = 0;
		};
		21A45E5B200850A9008FA226 /* Resources */ = {
			isa = PBXResourcesBuildPhase;
			buildActionMask = 2147483647;
			files = (
			);
			runOnlyForDeploymentPostprocessing = 0;
		};
		21A45E66200850A9008FA226 /* Resources */ = {
			isa = PBXResourcesBuildPhase;
			buildActionMask = 2147483647;
			files = (
			);
			runOnlyForDeploymentPostprocessing = 0;
		};
/* End PBXResourcesBuildPhase section */

/* Begin PBXShellScriptBuildPhase section */
		2B1CCAB79773F2B40F43452E /* [CP] Embed Pods Frameworks */ = {
			isa = PBXShellScriptBuildPhase;
			buildActionMask = 2147483647;
			files = (
			);
			inputPaths = (
			);
			name = "[CP] Embed Pods Frameworks";
			outputPaths = (
			);
			runOnlyForDeploymentPostprocessing = 0;
			shellPath = /bin/sh;
			shellScript = "\"${SRCROOT}/Pods/Target Support Files/Pods-PreCameraEffectUITests/Pods-PreCameraEffectUITests-frameworks.sh\"\n";
			showEnvVarsInLog = 0;
		};
		8BE2B5C09FBF3B07B29CAD2F /* [CP] Check Pods Manifest.lock */ = {
			isa = PBXShellScriptBuildPhase;
			buildActionMask = 2147483647;
			files = (
			);
			inputPaths = (
				"${PODS_PODFILE_DIR_PATH}/Podfile.lock",
				"${PODS_ROOT}/Manifest.lock",
			);
			name = "[CP] Check Pods Manifest.lock";
			outputPaths = (
				"$(DERIVED_FILE_DIR)/Pods-PreCameraEffectTests-checkManifestLockResult.txt",
			);
			runOnlyForDeploymentPostprocessing = 0;
			shellPath = /bin/sh;
			shellScript = "diff \"${PODS_PODFILE_DIR_PATH}/Podfile.lock\" \"${PODS_ROOT}/Manifest.lock\" > /dev/null\nif [ $? != 0 ] ; then\n    # print error to STDERR\n    echo \"error: The sandbox is not in sync with the Podfile.lock. Run 'pod install' or update your CocoaPods installation.\" >&2\n    exit 1\nfi\n# This output is used by Xcode 'outputs' to avoid re-running this script phase.\necho \"SUCCESS\" > \"${SCRIPT_OUTPUT_FILE_0}\"\n";
			showEnvVarsInLog = 0;
		};
		99E1EA09FC1D3812F87D266C /* [CP] Check Pods Manifest.lock */ = {
			isa = PBXShellScriptBuildPhase;
			buildActionMask = 2147483647;
			files = (
			);
			inputPaths = (
				"${PODS_PODFILE_DIR_PATH}/Podfile.lock",
				"${PODS_ROOT}/Manifest.lock",
			);
			name = "[CP] Check Pods Manifest.lock";
			outputPaths = (
				"$(DERIVED_FILE_DIR)/Pods-PreCameraEffect-checkManifestLockResult.txt",
			);
			runOnlyForDeploymentPostprocessing = 0;
			shellPath = /bin/sh;
			shellScript = "diff \"${PODS_PODFILE_DIR_PATH}/Podfile.lock\" \"${PODS_ROOT}/Manifest.lock\" > /dev/null\nif [ $? != 0 ] ; then\n    # print error to STDERR\n    echo \"error: The sandbox is not in sync with the Podfile.lock. Run 'pod install' or update your CocoaPods installation.\" >&2\n    exit 1\nfi\n# This output is used by Xcode 'outputs' to avoid re-running this script phase.\necho \"SUCCESS\" > \"${SCRIPT_OUTPUT_FILE_0}\"\n";
			showEnvVarsInLog = 0;
		};
		9EF3FC8CB6675C78BC1D8201 /* [CP] Embed Pods Frameworks */ = {
			isa = PBXShellScriptBuildPhase;
			buildActionMask = 2147483647;
			files = (
			);
			inputPaths = (
				"${SRCROOT}/Pods/Target Support Files/Pods-PreCameraEffect/Pods-PreCameraEffect-frameworks.sh",
				"${BUILT_PRODUCTS_DIR}/Sharaku/Sharaku.framework",
			);
			name = "[CP] Embed Pods Frameworks";
			outputPaths = (
				"${TARGET_BUILD_DIR}/${FRAMEWORKS_FOLDER_PATH}/Sharaku.framework",
			);
			runOnlyForDeploymentPostprocessing = 0;
			shellPath = /bin/sh;
			shellScript = "\"${SRCROOT}/Pods/Target Support Files/Pods-PreCameraEffect/Pods-PreCameraEffect-frameworks.sh\"\n";
			showEnvVarsInLog = 0;
		};
		BDAB2DAD7063B45E48174A97 /* [CP] Check Pods Manifest.lock */ = {
			isa = PBXShellScriptBuildPhase;
			buildActionMask = 2147483647;
			files = (
			);
			inputPaths = (
				"${PODS_PODFILE_DIR_PATH}/Podfile.lock",
				"${PODS_ROOT}/Manifest.lock",
			);
			name = "[CP] Check Pods Manifest.lock";
			outputPaths = (
				"$(DERIVED_FILE_DIR)/Pods-PreCameraEffectUITests-checkManifestLockResult.txt",
			);
			runOnlyForDeploymentPostprocessing = 0;
			shellPath = /bin/sh;
			shellScript = "diff \"${PODS_PODFILE_DIR_PATH}/Podfile.lock\" \"${PODS_ROOT}/Manifest.lock\" > /dev/null\nif [ $? != 0 ] ; then\n    # print error to STDERR\n    echo \"error: The sandbox is not in sync with the Podfile.lock. Run 'pod install' or update your CocoaPods installation.\" >&2\n    exit 1\nfi\n# This output is used by Xcode 'outputs' to avoid re-running this script phase.\necho \"SUCCESS\" > \"${SCRIPT_OUTPUT_FILE_0}\"\n";
			showEnvVarsInLog = 0;
		};
		CCC3221BDC9B353DA289E41C /* [CP] Embed Pods Frameworks */ = {
			isa = PBXShellScriptBuildPhase;
			buildActionMask = 2147483647;
			files = (
			);
			inputPaths = (
			);
			name = "[CP] Embed Pods Frameworks";
			outputPaths = (
			);
			runOnlyForDeploymentPostprocessing = 0;
			shellPath = /bin/sh;
			shellScript = "\"${SRCROOT}/Pods/Target Support Files/Pods-PreCameraEffectTests/Pods-PreCameraEffectTests-frameworks.sh\"\n";
			showEnvVarsInLog = 0;
		};
		CDB076DCC966F895A77FCC70 /* [CP] Copy Pods Resources */ = {
			isa = PBXShellScriptBuildPhase;
			buildActionMask = 2147483647;
			files = (
			);
			inputPaths = (
			);
			name = "[CP] Copy Pods Resources";
			outputPaths = (
			);
			runOnlyForDeploymentPostprocessing = 0;
			shellPath = /bin/sh;
			shellScript = "\"${SRCROOT}/Pods/Target Support Files/Pods-PreCameraEffect/Pods-PreCameraEffect-resources.sh\"\n";
			showEnvVarsInLog = 0;
		};
		DEBCFD30ACE2A21F09A46FC4 /* [CP] Copy Pods Resources */ = {
			isa = PBXShellScriptBuildPhase;
			buildActionMask = 2147483647;
			files = (
			);
			inputPaths = (
			);
			name = "[CP] Copy Pods Resources";
			outputPaths = (
			);
			runOnlyForDeploymentPostprocessing = 0;
			shellPath = /bin/sh;
			shellScript = "\"${SRCROOT}/Pods/Target Support Files/Pods-PreCameraEffectUITests/Pods-PreCameraEffectUITests-resources.sh\"\n";
			showEnvVarsInLog = 0;
		};
		FE0DE22E6014A8219F708C3E /* [CP] Copy Pods Resources */ = {
			isa = PBXShellScriptBuildPhase;
			buildActionMask = 2147483647;
			files = (
			);
			inputPaths = (
			);
			name = "[CP] Copy Pods Resources";
			outputPaths = (
			);
			runOnlyForDeploymentPostprocessing = 0;
			shellPath = /bin/sh;
			shellScript = "\"${SRCROOT}/Pods/Target Support Files/Pods-PreCameraEffectTests/Pods-PreCameraEffectTests-resources.sh\"\n";
			showEnvVarsInLog = 0;
		};
/* End PBXShellScriptBuildPhase section */

/* Begin PBXSourcesBuildPhase section */
		21A45E45200850A9008FA226 /* Sources */ = {
			isa = PBXSourcesBuildPhase;
			buildActionMask = 2147483647;
			files = (
				21A45E4F200850A9008FA226 /* ViewController.swift in Sources */,
				21A45E4D200850A9008FA226 /* AppDelegate.swift in Sources */,
			);
			runOnlyForDeploymentPostprocessing = 0;
		};
		21A45E59200850A9008FA226 /* Sources */ = {
			isa = PBXSourcesBuildPhase;
			buildActionMask = 2147483647;
			files = (
				21A45E62200850A9008FA226 /* PreCameraEffectTests.swift in Sources */,
			);
			runOnlyForDeploymentPostprocessing = 0;
		};
		21A45E64200850A9008FA226 /* Sources */ = {
			isa = PBXSourcesBuildPhase;
			buildActionMask = 2147483647;
			files = (
				21A45E6D200850A9008FA226 /* PreCameraEffectUITests.swift in Sources */,
			);
			runOnlyForDeploymentPostprocessing = 0;
		};
/* End PBXSourcesBuildPhase section */

/* Begin PBXTargetDependency section */
		21A45E5F200850A9008FA226 /* PBXTargetDependency */ = {
			isa = PBXTargetDependency;
			target = 21A45E48200850A9008FA226 /* PreCameraEffect */;
			targetProxy = 21A45E5E200850A9008FA226 /* PBXContainerItemProxy */;
		};
		21A45E6A200850A9008FA226 /* PBXTargetDependency */ = {
			isa = PBXTargetDependency;
			target = 21A45E48200850A9008FA226 /* PreCameraEffect */;
			targetProxy = 21A45E69200850A9008FA226 /* PBXContainerItemProxy */;
		};
/* End PBXTargetDependency section */

/* Begin PBXVariantGroup section */
		21A45E50200850A9008FA226 /* Main.storyboard */ = {
			isa = PBXVariantGroup;
			children = (
				21A45E51200850A9008FA226 /* Base */,
			);
			name = Main.storyboard;
			sourceTree = "<group>";
		};
		21A45E55200850A9008FA226 /* LaunchScreen.storyboard */ = {
			isa = PBXVariantGroup;
			children = (
				21A45E56200850A9008FA226 /* Base */,
			);
			name = LaunchScreen.storyboard;
			sourceTree = "<group>";
		};
/* End PBXVariantGroup section */

/* Begin XCBuildConfiguration section */
		21A45E6F200850A9008FA226 /* Debug */ = {
			isa = XCBuildConfiguration;
			buildSettings = {
				ALWAYS_SEARCH_USER_PATHS = NO;
				CLANG_ANALYZER_NONNULL = YES;
				CLANG_ANALYZER_NUMBER_OBJECT_CONVERSION = YES_AGGRESSIVE;
				CLANG_CXX_LANGUAGE_STANDARD = "gnu++14";
				CLANG_CXX_LIBRARY = "libc++";
				CLANG_ENABLE_MODULES = YES;
				CLANG_ENABLE_OBJC_ARC = YES;
				CLANG_WARN_BLOCK_CAPTURE_AUTORELEASING = YES;
				CLANG_WARN_BOOL_CONVERSION = YES;
				CLANG_WARN_COMMA = YES;
				CLANG_WARN_CONSTANT_CONVERSION = YES;
				CLANG_WARN_DIRECT_OBJC_ISA_USAGE = YES_ERROR;
				CLANG_WARN_DOCUMENTATION_COMMENTS = YES;
				CLANG_WARN_EMPTY_BODY = YES;
				CLANG_WARN_ENUM_CONVERSION = YES;
				CLANG_WARN_INFINITE_RECURSION = YES;
				CLANG_WARN_INT_CONVERSION = YES;
				CLANG_WARN_NON_LITERAL_NULL_CONVERSION = YES;
				CLANG_WARN_OBJC_LITERAL_CONVERSION = YES;
				CLANG_WARN_OBJC_ROOT_CLASS = YES_ERROR;
				CLANG_WARN_RANGE_LOOP_ANALYSIS = YES;
				CLANG_WARN_STRICT_PROTOTYPES = YES;
				CLANG_WARN_SUSPICIOUS_MOVE = YES;
				CLANG_WARN_UNGUARDED_AVAILABILITY = YES_AGGRESSIVE;
				CLANG_WARN_UNREACHABLE_CODE = YES;
				CLANG_WARN__DUPLICATE_METHOD_MATCH = YES;
				CODE_SIGN_IDENTITY = "iPhone Developer";
				COPY_PHASE_STRIP = NO;
				DEBUG_INFORMATION_FORMAT = dwarf;
				ENABLE_STRICT_OBJC_MSGSEND = YES;
				ENABLE_TESTABILITY = YES;
				GCC_C_LANGUAGE_STANDARD = gnu11;
				GCC_DYNAMIC_NO_PIC = NO;
				GCC_NO_COMMON_BLOCKS = YES;
				GCC_OPTIMIZATION_LEVEL = 0;
				GCC_PREPROCESSOR_DEFINITIONS = (
					"DEBUG=1",
					"$(inherited)",
				);
				GCC_WARN_64_TO_32_BIT_CONVERSION = YES;
				GCC_WARN_ABOUT_RETURN_TYPE = YES_ERROR;
				GCC_WARN_UNDECLARED_SELECTOR = YES;
				GCC_WARN_UNINITIALIZED_AUTOS = YES_AGGRESSIVE;
				GCC_WARN_UNUSED_FUNCTION = YES;
				GCC_WARN_UNUSED_VARIABLE = YES;
				IPHONEOS_DEPLOYMENT_TARGET = 11.2;
				MTL_ENABLE_DEBUG_INFO = YES;
				ONLY_ACTIVE_ARCH = YES;
				SDKROOT = iphoneos;
				SWIFT_ACTIVE_COMPILATION_CONDITIONS = DEBUG;
				SWIFT_OPTIMIZATION_LEVEL = "-Onone";
			};
			name = Debug;
		};
		21A45E70200850A9008FA226 /* Release */ = {
			isa = XCBuildConfiguration;
			buildSettings = {
				ALWAYS_SEARCH_USER_PATHS = NO;
				CLANG_ANALYZER_NONNULL = YES;
				CLANG_ANALYZER_NUMBER_OBJECT_CONVERSION = YES_AGGRESSIVE;
				CLANG_CXX_LANGUAGE_STANDARD = "gnu++14";
				CLANG_CXX_LIBRARY = "libc++";
				CLANG_ENABLE_MODULES = YES;
				CLANG_ENABLE_OBJC_ARC = YES;
				CLANG_WARN_BLOCK_CAPTURE_AUTORELEASING = YES;
				CLANG_WARN_BOOL_CONVERSION = YES;
				CLANG_WARN_COMMA = YES;
				CLANG_WARN_CONSTANT_CONVERSION = YES;
				CLANG_WARN_DIRECT_OBJC_ISA_USAGE = YES_ERROR;
				CLANG_WARN_DOCUMENTATION_COMMENTS = YES;
				CLANG_WARN_EMPTY_BODY = YES;
				CLANG_WARN_ENUM_CONVERSION = YES;
				CLANG_WARN_INFINITE_RECURSION = YES;
				CLANG_WARN_INT_CONVERSION = YES;
				CLANG_WARN_NON_LITERAL_NULL_CONVERSION = YES;
				CLANG_WARN_OBJC_LITERAL_CONVERSION = YES;
				CLANG_WARN_OBJC_ROOT_CLASS = YES_ERROR;
				CLANG_WARN_RANGE_LOOP_ANALYSIS = YES;
				CLANG_WARN_STRICT_PROTOTYPES = YES;
				CLANG_WARN_SUSPICIOUS_MOVE = YES;
				CLANG_WARN_UNGUARDED_AVAILABILITY = YES_AGGRESSIVE;
				CLANG_WARN_UNREACHABLE_CODE = YES;
				CLANG_WARN__DUPLICATE_METHOD_MATCH = YES;
				CODE_SIGN_IDENTITY = "iPhone Developer";
				COPY_PHASE_STRIP = NO;
				DEBUG_INFORMATION_FORMAT = "dwarf-with-dsym";
				ENABLE_NS_ASSERTIONS = NO;
				ENABLE_STRICT_OBJC_MSGSEND = YES;
				GCC_C_LANGUAGE_STANDARD = gnu11;
				GCC_NO_COMMON_BLOCKS = YES;
				GCC_WARN_64_TO_32_BIT_CONVERSION = YES;
				GCC_WARN_ABOUT_RETURN_TYPE = YES_ERROR;
				GCC_WARN_UNDECLARED_SELECTOR = YES;
				GCC_WARN_UNINITIALIZED_AUTOS = YES_AGGRESSIVE;
				GCC_WARN_UNUSED_FUNCTION = YES;
				GCC_WARN_UNUSED_VARIABLE = YES;
				IPHONEOS_DEPLOYMENT_TARGET = 11.2;
				MTL_ENABLE_DEBUG_INFO = NO;
				SDKROOT = iphoneos;
				SWIFT_OPTIMIZATION_LEVEL = "-Owholemodule";
				VALIDATE_PRODUCT = YES;
			};
			name = Release;
		};
		21A45E72200850A9008FA226 /* Debug */ = {
			isa = XCBuildConfiguration;
			baseConfigurationReference = 94F67D52866CC899B30A707A /* Pods-PreCameraEffect.debug.xcconfig */;
			buildSettings = {
				ASSETCATALOG_COMPILER_APPICON_NAME = AppIcon;
				CODE_SIGN_STYLE = Automatic;
				DEVELOPMENT_TEAM = 3ZMTZ3U33V;
				INFOPLIST_FILE = PreCameraEffect/Info.plist;
				IPHONEOS_DEPLOYMENT_TARGET = 11;
				LD_RUNPATH_SEARCH_PATHS = "$(inherited) @executable_path/Frameworks";
				PRODUCT_BUNDLE_IDENTIFIER = cc.kz56cd.PreCameraEffect;
				PRODUCT_NAME = "$(TARGET_NAME)";
				SWIFT_VERSION = 4.0;
				TARGETED_DEVICE_FAMILY = "1,2";
			};
			name = Debug;
		};
		21A45E73200850A9008FA226 /* Release */ = {
			isa = XCBuildConfiguration;
			baseConfigurationReference = 66A64064712D7FAA208BA43A /* Pods-PreCameraEffect.release.xcconfig */;
			buildSettings = {
				ASSETCATALOG_COMPILER_APPICON_NAME = AppIcon;
				CODE_SIGN_STYLE = Automatic;
				DEVELOPMENT_TEAM = 3ZMTZ3U33V;
				INFOPLIST_FILE = PreCameraEffect/Info.plist;
				IPHONEOS_DEPLOYMENT_TARGET = 11;
				LD_RUNPATH_SEARCH_PATHS = "$(inherited) @executable_path/Frameworks";
				PRODUCT_BUNDLE_IDENTIFIER = cc.kz56cd.PreCameraEffect;
				PRODUCT_NAME = "$(TARGET_NAME)";
				SWIFT_VERSION = 4.0;
				TARGETED_DEVICE_FAMILY = "1,2";
			};
			name = Release;
		};
		21A45E75200850A9008FA226 /* Debug */ = {
			isa = XCBuildConfiguration;
			baseConfigurationReference = 09ED5212EA8F89D7DCACDD57 /* Pods-PreCameraEffectTests.debug.xcconfig */;
			buildSettings = {
				ALWAYS_EMBED_SWIFT_STANDARD_LIBRARIES = YES;
				BUNDLE_LOADER = "$(TEST_HOST)";
				CODE_SIGN_STYLE = Automatic;
				DEVELOPMENT_TEAM = 3ZMTZ3U33V;
				INFOPLIST_FILE = PreCameraEffectTests/Info.plist;
				LD_RUNPATH_SEARCH_PATHS = "$(inherited) @executable_path/Frameworks @loader_path/Frameworks";
				PRODUCT_BUNDLE_IDENTIFIER = cc.kz56cd.PreCameraEffectTests;
				PRODUCT_NAME = "$(TARGET_NAME)";
				SWIFT_VERSION = 4.0;
				TARGETED_DEVICE_FAMILY = "1,2";
				TEST_HOST = "$(BUILT_PRODUCTS_DIR)/PreCameraEffect.app/PreCameraEffect";
			};
			name = Debug;
		};
		21A45E76200850A9008FA226 /* Release */ = {
			isa = XCBuildConfiguration;
			baseConfigurationReference = 645B84A41A27F5ED38B583C2 /* Pods-PreCameraEffectTests.release.xcconfig */;
			buildSettings = {
				ALWAYS_EMBED_SWIFT_STANDARD_LIBRARIES = YES;
				BUNDLE_LOADER = "$(TEST_HOST)";
				CODE_SIGN_STYLE = Automatic;
				DEVELOPMENT_TEAM = 3ZMTZ3U33V;
				INFOPLIST_FILE = PreCameraEffectTests/Info.plist;
				LD_RUNPATH_SEARCH_PATHS = "$(inherited) @executable_path/Frameworks @loader_path/Frameworks";
				PRODUCT_BUNDLE_IDENTIFIER = cc.kz56cd.PreCameraEffectTests;
				PRODUCT_NAME = "$(TARGET_NAME)";
				SWIFT_VERSION = 4.0;
				TARGETED_DEVICE_FAMILY = "1,2";
				TEST_HOST = "$(BUILT_PRODUCTS_DIR)/PreCameraEffect.app/PreCameraEffect";
			};
			name = Release;
		};
		21A45E78200850A9008FA226 /* Debug */ = {
			isa = XCBuildConfiguration;
			baseConfigurationReference = 6918E084EEFD455A5DAE3ABB /* Pods-PreCameraEffectUITests.debug.xcconfig */;
			buildSettings = {
				ALWAYS_EMBED_SWIFT_STANDARD_LIBRARIES = YES;
				CODE_SIGN_STYLE = Automatic;
				DEVELOPMENT_TEAM = 3ZMTZ3U33V;
				INFOPLIST_FILE = PreCameraEffectUITests/Info.plist;
				LD_RUNPATH_SEARCH_PATHS = "$(inherited) @executable_path/Frameworks @loader_path/Frameworks";
				PRODUCT_BUNDLE_IDENTIFIER = cc.kz56cd.PreCameraEffectUITests;
				PRODUCT_NAME = "$(TARGET_NAME)";
				SWIFT_VERSION = 4.0;
				TARGETED_DEVICE_FAMILY = "1,2";
				TEST_TARGET_NAME = PreCameraEffect;
			};
			name = Debug;
		};
		21A45E79200850A9008FA226 /* Release */ = {
			isa = XCBuildConfiguration;
			baseConfigurationReference = 49469ACA38CD47CF4857FAC3 /* Pods-PreCameraEffectUITests.release.xcconfig */;
			buildSettings = {
				ALWAYS_EMBED_SWIFT_STANDARD_LIBRARIES = YES;
				CODE_SIGN_STYLE = Automatic;
				DEVELOPMENT_TEAM = 3ZMTZ3U33V;
				INFOPLIST_FILE = PreCameraEffectUITests/Info.plist;
				LD_RUNPATH_SEARCH_PATHS = "$(inherited) @executable_path/Frameworks @loader_path/Frameworks";
				PRODUCT_BUNDLE_IDENTIFIER = cc.kz56cd.PreCameraEffectUITests;
				PRODUCT_NAME = "$(TARGET_NAME)";
				SWIFT_VERSION = 4.0;
				TARGETED_DEVICE_FAMILY = "1,2";
				TEST_TARGET_NAME = PreCameraEffect;
			};
			name = Release;
		};
/* End XCBuildConfiguration section */

/* Begin XCConfigurationList section */
		21A45E44200850A9008FA226 /* Build configuration list for PBXProject "PreCameraEffect" */ = {
			isa = XCConfigurationList;
			buildConfigurations = (
				21A45E6F200850A9008FA226 /* Debug */,
				21A45E70200850A9008FA226 /* Release */,
			);
			defaultConfigurationIsVisible = 0;
			defaultConfigurationName = Release;
		};
		21A45E71200850A9008FA226 /* Build configuration list for PBXNativeTarget "PreCameraEffect" */ = {
			isa = XCConfigurationList;
			buildConfigurations = (
				21A45E72200850A9008FA226 /* Debug */,
				21A45E73200850A9008FA226 /* Release */,
			);
			defaultConfigurationIsVisible = 0;
			defaultConfigurationName = Release;
		};
		21A45E74200850A9008FA226 /* Build configuration list for PBXNativeTarget "PreCameraEffectTests" */ = {
			isa = XCConfigurationList;
			buildConfigurations = (
				21A45E75200850A9008FA226 /* Debug */,
				21A45E76200850A9008FA226 /* Release */,
			);
			defaultConfigurationIsVisible = 0;
			defaultConfigurationName = Release;
		};
		21A45E77200850A9008FA226 /* Build configuration list for PBXNativeTarget "PreCameraEffectUITests" */ = {
			isa = XCConfigurationList;
			buildConfigurations = (
				21A45E78200850A9008FA226 /* Debug */,
				21A45E79200850A9008FA226 /* Release */,
			);
			defaultConfigurationIsVisible = 0;
			defaultConfigurationName = Release;
		};
/* End XCConfigurationList section */
	};
	rootObject = 21A45E41200850A9008FA226 /* Project object */;
}
